
Microsoft Visual Studio Solution File, Format Version 12.00
# Visual Studio Version 17
VisualStudioVersion = 17.2.32616.157
MinimumVisualStudioVersion = 10.0.40219.1
Project("{9A19103F-16F7-4668-BE54-9A1E7A4F7556}") = "ChessClassification", "ChessClassification\ChessClassification.csproj", "{FBB207A7-921B-40FE-90BC-FB21B1543B7F}"
EndProject
Project("{9A19103F-16F7-4668-BE54-9A1E7A4F7556}") = "ModelClassificationConsoleApp", "ModelClassificationConsoleApp\ModelClassificationConsoleApp.csproj", "{364A36D9-48CA-46C1-856D-A3758019FB8F}"
EndProject
Global
	GlobalSection(SolutionConfigurationPlatforms) = preSolution
		Debug|Any CPU = Debug|Any CPU
		Release|Any CPU = Release|Any CPU
	EndGlobalSection
	GlobalSection(ProjectConfigurationPlatforms) = postSolution
		{FBB207A7-921B-40FE-90BC-FB21B1543B7F}.Debug|Any CPU.ActiveCfg = Debug|Any CPU
		{FBB207A7-921B-40FE-90BC-FB21B1543B7F}.Debug|Any CPU.Build.0 = Debug|Any CPU
		{FBB207A7-921B-40FE-90BC-FB21B1543B7F}.Release|Any CPU.ActiveCfg = Release|Any CPU
		{FBB207A7-921B-40FE-90BC-FB21B1543B7F}.Release|Any CPU.Build.0 = Release|Any CPU
		{364A36D9-48CA-46C1-856D-A3758019FB8F}.Debug|Any CPU.ActiveCfg = Debug|Any CPU
		{364A36D9-48CA-46C1-856D-A3758019FB8F}.Debug|Any CPU.Build.0 = Debug|Any CPU
		{364A36D9-48CA-46C1-856D-A3758019FB8F}.Release|Any CPU.ActiveCfg = Release|Any CPU
		{364A36D9-48CA-46C1-856D-A3758019FB8F}.Release|Any CPU.Build.0 = Release|Any CPU
	EndGlobalSection
	GlobalSection(SolutionProperties) = preSolution
		HideSolutionNode = FALSE
	EndGlobalSection
	GlobalSection(ExtensibilityGlobals) = postSolution
		SolutionGuid = {DE1133C0-D192-4896-94AE-AB76B0811517}
	EndGlobalSection
EndGlobal
